// !$*UTF8*$!
{
	archiveVersion = 1;
	classes = {
	};
	objectVersion = 60;
	objects = {

/* Begin PBXBuildFile section */
		A10000000000000000000011 /* GuderianApp.swift in Sources */ = {isa = PBXBuildFile; fileRef = A10000000000000000000021 /* GuderianApp.swift */; };
		A10000000000000000000012 /* ScenarioMapView.swift in Sources */ = {isa = PBXBuildFile; fileRef = A10000000000000000000022 /* ScenarioMapView.swift */; };
		A10000000000000000000015 /* DZWPlayableBattleView.swift in Sources */ = {isa = PBXBuildFile; fileRef = A10000000000000000000025 /* DZWPlayableBattleView.swift */; };
		A10000000000000000000013 /* Assets.xcassets in Resources */ = {isa = PBXBuildFile; fileRef = A10000000000000000000023 /* Assets.xcassets */; };
		A10000000000000000000014 /* GuderianCore in Frameworks */ = {isa = PBXBuildFile; productRef = A10000000000000000000071 /* GuderianCore */; };
		A20000000000000000000011 /* GuderianBattleUISwiftTests.swift in Sources */ = {isa = PBXBuildFile; fileRef = A20000000000000000000021 /* GuderianBattleUISwiftTests.swift */; };
		A20000000000000000000012 /* GuderianCore in Frameworks */ = {isa = PBXBuildFile; productRef = A10000000000000000000071 /* GuderianCore */; };
		A20000000000000000000013 /* GuderianCampaignTests.swift in Sources */ = {isa = PBXBuildFile; fileRef = A20000000000000000000022 /* GuderianCampaignTests.swift */; };
		A30000000000000000000011 /* GuderianTestApp.swift in Sources */ = {isa = PBXBuildFile; fileRef = A30000000000000000000021 /* GuderianTestApp.swift */; };
		A30000000000000000000012 /* GuderianCore in Frameworks */ = {isa = PBXBuildFile; productRef = A10000000000000000000071 /* GuderianCore */; };
		A30000000000000000000013 /* Assets.xcassets in Resources */ = {isa = PBXBuildFile; fileRef = A10000000000000000000023 /* Assets.xcassets */; };
/* End PBXBuildFile section */

/* Begin PBXFileReference section */
		A10000000000000000000021 /* GuderianApp.swift */ = {isa = PBXFileReference; lastKnownFileType = sourcecode.swift; path = Sources/GuderianApp/GuderianApp.swift; sourceTree = SOURCE_ROOT; };
		A10000000000000000000022 /* ScenarioMapView.swift */ = {isa = PBXFileReference; lastKnownFileType = sourcecode.swift; path = Sources/GuderianApp/ScenarioMapView.swift; sourceTree = SOURCE_ROOT; };
		A10000000000000000000023 /* Assets.xcassets */ = {isa = PBXFileReference; lastKnownFileType = folder.assetcatalog; path = Resources/Assets.xcassets; sourceTree = SOURCE_ROOT; };
		A10000000000000000000024 /* Guderian.app */ = {isa = PBXFileReference; explicitFileType = wrapper.application; includeInIndex = 0; path = Guderian.app; sourceTree = BUILT_PRODUCTS_DIR; };
		A10000000000000000000025 /* DZWPlayableBattleView.swift */ = {isa = PBXFileReference; lastKnownFileType = sourcecode.swift; path = Sources/GuderianApp/DZWPlayableBattleView.swift; sourceTree = SOURCE_ROOT; };
		A20000000000000000000021 /* GuderianBattleUISwiftTests.swift */ = {isa = PBXFileReference; lastKnownFileType = sourcecode.swift; path = Tests/GuderianTests/GuderianBattleUISwiftTests.swift; sourceTree = SOURCE_ROOT; };
		A20000000000000000000022 /* GuderianCampaignTests.swift */ = {isa = PBXFileReference; lastKnownFileType = sourcecode.swift; path = Tests/GuderianTests/GuderianCampaignTests.swift; sourceTree = SOURCE_ROOT; };
		A20000000000000000000024 /* GuderianUITests.xctest */ = {isa = PBXFileReference; explicitFileType = wrapper.cfbundle; includeInIndex = 0; path = GuderianUITests.xctest; sourceTree = BUILT_PRODUCTS_DIR; };
		A30000000000000000000021 /* GuderianTestApp.swift */ = {isa = PBXFileReference; lastKnownFileType = sourcecode.swift; path = Sources/GuderianTest/GuderianTestApp.swift; sourceTree = SOURCE_ROOT; };
		A30000000000000000000024 /* GuderianTest.app */ = {isa = PBXFileReference; explicitFileType = wrapper.application; includeInIndex = 0; path = GuderianTest.app; sourceTree = BUILT_PRODUCTS_DIR; };
/* End PBXFileReference section */

/* Begin PBXFrameworksBuildPhase section */
		A10000000000000000000031 /* Frameworks */ = {
			isa = PBXFrameworksBuildPhase;
			buildActionMask = 2147483647;
			files = (
				A10000000000000000000014 /* GuderianCore in Frameworks */,
			);
			runOnlyForDeploymentPostprocessing = 0;
		};
		A20000000000000000000031 /* Frameworks */ = {
			isa = PBXFrameworksBuildPhase;
			buildActionMask = 2147483647;
			files = (
				A20000000000000000000012 /* GuderianCore in Frameworks */,
			);
			runOnlyForDeploymentPostprocessing = 0;
		};
		A30000000000000000000031 /* Frameworks */ = {
			isa = PBXFrameworksBuildPhase;
			buildActionMask = 2147483647;
			files = (
				A30000000000000000000012 /* GuderianCore in Frameworks */,
			);
			runOnlyForDeploymentPostprocessing = 0;
		};
/* End PBXFrameworksBuildPhase section */

/* Begin PBXGroup section */
		A10000000000000000000041 = {
			isa = PBXGroup;
			children = (
				A10000000000000000000042 /* App Sources */,
				A30000000000000000000042 /* GuderianTest Sources */,
				A20000000000000000000042 /* Tests */,
				A10000000000000000000043 /* Resources */,
				A10000000000000000000044 /* Products */,
			);
			sourceTree = "<group>";
		};
		A10000000000000000000042 /* App Sources */ = {
			isa = PBXGroup;
			children = (
				A10000000000000000000021 /* GuderianApp.swift */,
				A10000000000000000000025 /* DZWPlayableBattleView.swift */,
				A10000000000000000000022 /* ScenarioMapView.swift */,
			);
			name = "App Sources";
			sourceTree = "<group>";
		};
		A10000000000000000000043 /* Resources */ = {
			isa = PBXGroup;
			children = (
				A10000000000000000000023 /* Assets.xcassets */,
			);
			name = Resources;
			sourceTree = "<group>";
		};
		A10000000000000000000044 /* Products */ = {
			isa = PBXGroup;
			children = (
				A10000000000000000000024 /* Guderian.app */,
				A30000000000000000000024 /* GuderianTest.app */,
				A20000000000000000000024 /* GuderianUITests.xctest */,
			);
			name = Products;
			sourceTree = "<group>";
		};
		A30000000000000000000042 /* GuderianTest Sources */ = {
			isa = PBXGroup;
			children = (
				A30000000000000000000021 /* GuderianTestApp.swift */,
			);
			name = "GuderianTest Sources";
			sourceTree = "<group>";
		};
		A20000000000000000000042 /* Tests */ = {
			isa = PBXGroup;
			children = (
				A20000000000000000000021 /* GuderianBattleUISwiftTests.swift */,
				A20000000000000000000022 /* GuderianCampaignTests.swift */,
			);
			name = Tests;
			sourceTree = "<group>";
		};
/* End PBXGroup section */

/* Begin PBXNativeTarget section */
		A10000000000000000000001 /* Guderian */ = {
			isa = PBXNativeTarget;
			buildConfigurationList = A10000000000000000000081 /* Build configuration list for PBXNativeTarget "Guderian" */;
			buildPhases = (
				A10000000000000000000032 /* Sources */,
				A10000000000000000000031 /* Frameworks */,
				A10000000000000000000033 /* Resources */,
			);
			buildRules = (
			);
			dependencies = (
			);
			name = Guderian;
			packageProductDependencies = (
				A10000000000000000000071 /* GuderianCore */,
			);
			productName = Guderian;
			productReference = A10000000000000000000024 /* Guderian.app */;
			productType = "com.apple.product-type.application";
		};
		A20000000000000000000001 /* GuderianUITests */ = {
			isa = PBXNativeTarget;
			buildConfigurationList = A20000000000000000000081 /* Build configuration list for PBXNativeTarget "GuderianUITests" */;
			buildPhases = (
				A20000000000000000000032 /* Sources */,
				A20000000000000000000031 /* Frameworks */,
				A20000000000000000000033 /* Resources */,
			);
			buildRules = (
			);
			dependencies = (
			);
			name = GuderianUITests;
			packageProductDependencies = (
				A10000000000000000000071 /* GuderianCore */,
			);
			productName = GuderianUITests;
			productReference = A20000000000000000000024 /* GuderianUITests.xctest */;
			productType = "com.apple.product-type.bundle.unit-test";
		};
		A30000000000000000000001 /* GuderianTest */ = {
			isa = PBXNativeTarget;
			buildConfigurationList = A30000000000000000000081 /* Build configuration list for PBXNativeTarget "GuderianTest" */;
			buildPhases = (
				A30000000000000000000032 /* Sources */,
				A30000000000000000000031 /* Frameworks */,
				A30000000000000000000033 /* Resources */,
			);
			buildRules = (
			);
			dependencies = (
			);
			name = GuderianTest;
			packageProductDependencies = (
				A10000000000000000000071 /* GuderianCore */,
			);
			productName = GuderianTest;
			productReference = A30000000000000000000024 /* GuderianTest.app */;
			productType = "com.apple.product-type.application";
		};
/* End PBXNativeTarget section */

/* Begin PBXProject section */
		A10000000000000000000002 /* Project object */ = {
			isa = PBXProject;
			attributes = {
				BuildIndependentTargetsInParallel = 1;
				LastSwiftUpdateCheck = 1600;
				LastUpgradeCheck = 1600;
				TargetAttributes = {
					A10000000000000000000001 = {
						CreatedOnToolsVersion = 16.0;
					};
					A20000000000000000000001 = {
						CreatedOnToolsVersion = 16.0;
					};
					A30000000000000000000001 = {
						CreatedOnToolsVersion = 16.0;
					};
				};
			};
			buildConfigurationList = A10000000000000000000080 /* Build configuration list for PBXProject "Guderian" */;
			compatibilityVersion = "Xcode 15.0";
			developmentRegion = en;
			hasScannedForEncodings = 0;
			knownRegions = (
				en,
				Base,
			);
			mainGroup = A10000000000000000000041;
			packageReferences = (
				A10000000000000000000070 /* XCLocalSwiftPackageReference "." */,
			);
			productRefGroup = A10000000000000000000044 /* Products */;
			projectDirPath = "";
			projectRoot = "";
			targets = (
				A10000000000000000000001 /* Guderian */,
				A20000000000000000000001 /* GuderianUITests */,
				A30000000000000000000001 /* GuderianTest */,
			);
		};
/* End PBXProject section */

/* Begin PBXResourcesBuildPhase section */
		A10000000000000000000033 /* Resources */ = {
			isa = PBXResourcesBuildPhase;
			buildActionMask = 2147483647;
			files = (
				A10000000000000000000013 /* Assets.xcassets in Resources */,
			);
			runOnlyForDeploymentPostprocessing = 0;
		};
		A20000000000000000000033 /* Resources */ = {
			isa = PBXResourcesBuildPhase;
			buildActionMask = 2147483647;
			files = (
			);
			runOnlyForDeploymentPostprocessing = 0;
		};
		A30000000000000000000033 /* Resources */ = {
			isa = PBXResourcesBuildPhase;
			buildActionMask = 2147483647;
			files = (
				A30000000000000000000013 /* Assets.xcassets in Resources */,
			);
			runOnlyForDeploymentPostprocessing = 0;
		};
/* End PBXResourcesBuildPhase section */

/* Begin PBXSourcesBuildPhase section */
		A10000000000000000000032 /* Sources */ = {
			isa = PBXSourcesBuildPhase;
			buildActionMask = 2147483647;
			files = (
				A10000000000000000000011 /* GuderianApp.swift in Sources */,
				A10000000000000000000015 /* DZWPlayableBattleView.swift in Sources */,
				A10000000000000000000012 /* ScenarioMapView.swift in Sources */,
			);
			runOnlyForDeploymentPostprocessing = 0;
		};
		A20000000000000000000032 /* Sources */ = {
			isa = PBXSourcesBuildPhase;
			buildActionMask = 2147483647;
			files = (
				A20000000000000000000011 /* GuderianBattleUISwiftTests.swift in Sources */,
				A20000000000000000000013 /* GuderianCampaignTests.swift in Sources */,
			);
			runOnlyForDeploymentPostprocessing = 0;
		};
		A30000000000000000000032 /* Sources */ = {
			isa = PBXSourcesBuildPhase;
			buildActionMask = 2147483647;
			files = (
				A30000000000000000000011 /* GuderianTestApp.swift in Sources */,
			);
			runOnlyForDeploymentPostprocessing = 0;
		};
/* End PBXSourcesBuildPhase section */

/* Begin XCBuildConfiguration section */
		A10000000000000000000082 /* Debug */ = {
			isa = XCBuildConfiguration;
			buildSettings = {
				ALWAYS_SEARCH_USER_PATHS = NO;
				CLANG_ANALYZER_NONNULL = YES;
				CLANG_ANALYZER_NUMBER_OBJECT_CONVERSION = YES_AGGRESSIVE;
				CLANG_CXX_LANGUAGE_STANDARD = "gnu++20";
				CLANG_ENABLE_MODULES = YES;
				CLANG_ENABLE_OBJC_ARC = YES;
				CLANG_ENABLE_OBJC_WEAK = YES;
				CLANG_WARN_BLOCK_CAPTURE_AUTORELEASING = YES;
				CLANG_WARN_BOOL_CONVERSION = YES;
				CLANG_WARN_COMMA = YES;
				CLANG_WARN_CONSTANT_CONVERSION = YES;
				CLANG_WARN_DEPRECATED_OBJC_IMPLEMENTATIONS = YES;
				CLANG_WARN_DIRECT_OBJC_ISA_USAGE = YES_ERROR;
				CLANG_WARN_DOCUMENTATION_COMMENTS = YES;
				CLANG_WARN_EMPTY_BODY = YES;
				CLANG_WARN_ENUM_CONVERSION = YES;
				CLANG_WARN_INFINITE_RECURSION = YES;
				CLANG_WARN_INT_CONVERSION = YES;
				CLANG_WARN_NON_LITERAL_NULL_CONVERSION = YES;
				CLANG_WARN_OBJC_IMPLICIT_RETAIN_SELF = YES;
				CLANG_WARN_OBJC_LITERAL_CONVERSION = YES;
				CLANG_WARN_OBJC_ROOT_CLASS = YES_ERROR;
				CLANG_WARN_QUOTED_INCLUDE_IN_FRAMEWORK_HEADER = YES;
				CLANG_WARN_RANGE_LOOP_ANALYSIS = YES;
				CLANG_WARN_STRICT_PROTOTYPES = YES;
				CLANG_WARN_SUSPICIOUS_MOVE = YES;
				CLANG_WARN_UNGUARDED_AVAILABILITY = YES_AGGRESSIVE;
				CLANG_WARN_UNREACHABLE_CODE = YES;
				CLANG_WARN__DUPLICATE_METHOD_MATCH = YES;
				COPY_PHASE_STRIP = NO;
				DEBUG_INFORMATION_FORMAT = dwarf;
				ENABLE_STRICT_OBJC_MSGSEND = YES;
				ENABLE_TESTABILITY = YES;
				GCC_C_LANGUAGE_STANDARD = gnu17;
				GCC_DYNAMIC_NO_PIC = NO;
				GCC_NO_COMMON_BLOCKS = YES;
				GCC_OPTIMIZATION_LEVEL = 0;
				GCC_PREPROCESSOR_DEFINITIONS = (
					"DEBUG=1",
					"$(inherited)",
				);
				GCC_WARN_64_TO_32_BIT_CONVERSION = YES;
				GCC_WARN_ABOUT_RETURN_TYPE = YES_ERROR;
				GCC_WARN_UNDECLARED_SELECTOR = YES;
				GCC_WARN_UNINITIALIZED_AUTOS = YES_AGGRESSIVE;
				GCC_WARN_UNUSED_FUNCTION = YES;
				GCC_WARN_UNUSED_VARIABLE = YES;
				MACOSX_DEPLOYMENT_TARGET = 14.0;
				MTL_ENABLE_DEBUG_INFO = INCLUDE_SOURCE;
				MTL_FAST_MATH = YES;
				ONLY_ACTIVE_ARCH = YES;
				SDKROOT = macosx;
				SWIFT_ACTIVE_COMPILATION_CONDITIONS = DEBUG;
				SWIFT_OPTIMIZATION_LEVEL = "-Onone";
				SWIFT_VERSION = 6.0;
			};
			name = Debug;
		};
		A10000000000000000000083 /* Release */ = {
			isa = XCBuildConfiguration;
			buildSettings = {
				ALWAYS_SEARCH_USER_PATHS = NO;
				CLANG_ANALYZER_NONNULL = YES;
				CLANG_ANALYZER_NUMBER_OBJECT_CONVERSION = YES_AGGRESSIVE;
				CLANG_CXX_LANGUAGE_STANDARD = "gnu++20";
				CLANG_ENABLE_MODULES = YES;
				CLANG_ENABLE_OBJC_ARC = YES;
				CLANG_ENABLE_OBJC_WEAK = YES;
				CLANG_WARN_BLOCK_CAPTURE_AUTORELEASING = YES;
				CLANG_WARN_BOOL_CONVERSION = YES;
				CLANG_WARN_COMMA = YES;
				CLANG_WARN_CONSTANT_CONVERSION = YES;
				CLANG_WARN_DEPRECATED_OBJC_IMPLEMENTATIONS = YES;
				CLANG_WARN_DIRECT_OBJC_ISA_USAGE = YES_ERROR;
				CLANG_WARN_DOCUMENTATION_COMMENTS = YES;
				CLANG_WARN_EMPTY_BODY = YES;
				CLANG_WARN_ENUM_CONVERSION = YES;
				CLANG_WARN_INFINITE_RECURSION = YES;
				CLANG_WARN_INT_CONVERSION = YES;
				CLANG_WARN_NON_LITERAL_NULL_CONVERSION = YES;
				CLANG_WARN_OBJC_IMPLICIT_RETAIN_SELF = YES;
				CLANG_WARN_OBJC_LITERAL_CONVERSION = YES;
				CLANG_WARN_OBJC_ROOT_CLASS = YES_ERROR;
				CLANG_WARN_QUOTED_INCLUDE_IN_FRAMEWORK_HEADER = YES;
				CLANG_WARN_RANGE_LOOP_ANALYSIS = YES;
				CLANG_WARN_STRICT_PROTOTYPES = YES;
				CLANG_WARN_SUSPICIOUS_MOVE = YES;
				CLANG_WARN_UNGUARDED_AVAILABILITY = YES_AGGRESSIVE;
				CLANG_WARN_UNREACHABLE_CODE = YES;
				CLANG_WARN__DUPLICATE_METHOD_MATCH = YES;
				COPY_PHASE_STRIP = NO;
				DEBUG_INFORMATION_FORMAT = "dwarf-with-dsym";
				ENABLE_NS_ASSERTIONS = NO;
				ENABLE_STRICT_OBJC_MSGSEND = YES;
				GCC_C_LANGUAGE_STANDARD = gnu17;
				GCC_NO_COMMON_BLOCKS = YES;
				GCC_WARN_64_TO_32_BIT_CONVERSION = YES;
				GCC_WARN_ABOUT_RETURN_TYPE = YES_ERROR;
				GCC_WARN_UNDECLARED_SELECTOR = YES;
				GCC_WARN_UNINITIALIZED_AUTOS = YES_AGGRESSIVE;
				GCC_WARN_UNUSED_FUNCTION = YES;
				GCC_WARN_UNUSED_VARIABLE = YES;
				MACOSX_DEPLOYMENT_TARGET = 14.0;
				MTL_ENABLE_DEBUG_INFO = NO;
				MTL_FAST_MATH = YES;
				SDKROOT = macosx;
				SWIFT_COMPILATION_MODE = wholemodule;
				SWIFT_OPTIMIZATION_LEVEL = "-O";
				SWIFT_VERSION = 6.0;
			};
			name = Release;
		};
		A10000000000000000000084 /* Debug */ = {
			isa = XCBuildConfiguration;
			buildSettings = {
				ASSETCATALOG_COMPILER_APPICON_NAME = AppIcon;
				CODE_SIGN_STYLE = Automatic;
				COMBINE_HIDPI_IMAGES = YES;
				CURRENT_PROJECT_VERSION = 1;
				ENABLE_HARDENED_RUNTIME = YES;
				GENERATE_INFOPLIST_FILE = YES;
				INFOPLIST_KEY_CFBundleDisplayName = Guderian;
				INFOPLIST_KEY_LSApplicationCategoryType = "public.app-category.games";
				INFOPLIST_KEY_NSHumanReadableCopyright = "Public domain portrait source documented in Resources/AppIconSource.";
				LD_RUNPATH_SEARCH_PATHS = (
					"$(inherited)",
					"@executable_path/../Frameworks",
				);
				MARKETING_VERSION = 1.0.0;
				PRODUCT_BUNDLE_IDENTIFIER = com.barbalet.guderian;
				PRODUCT_NAME = Guderian;
				SWIFT_VERSION = 6.0;
			};
			name = Debug;
		};
		A10000000000000000000085 /* Release */ = {
			isa = XCBuildConfiguration;
			buildSettings = {
				ASSETCATALOG_COMPILER_APPICON_NAME = AppIcon;
				CODE_SIGN_STYLE = Automatic;
				COMBINE_HIDPI_IMAGES = YES;
				CURRENT_PROJECT_VERSION = 1;
				ENABLE_HARDENED_RUNTIME = YES;
				GENERATE_INFOPLIST_FILE = YES;
				INFOPLIST_KEY_CFBundleDisplayName = Guderian;
				INFOPLIST_KEY_LSApplicationCategoryType = "public.app-category.games";
				INFOPLIST_KEY_NSHumanReadableCopyright = "Public domain portrait source documented in Resources/AppIconSource.";
				LD_RUNPATH_SEARCH_PATHS = (
					"$(inherited)",
					"@executable_path/../Frameworks",
				);
				MARKETING_VERSION = 1.0.0;
				PRODUCT_BUNDLE_IDENTIFIER = com.barbalet.guderian;
				PRODUCT_NAME = Guderian;
				SWIFT_VERSION = 6.0;
			};
			name = Release;
		};
		A20000000000000000000084 /* Debug */ = {
			isa = XCBuildConfiguration;
			buildSettings = {
				CODE_SIGN_STYLE = Automatic;
				CURRENT_PROJECT_VERSION = 1;
				GENERATE_INFOPLIST_FILE = YES;
				LD_RUNPATH_SEARCH_PATHS = (
					"$(inherited)",
					"@loader_path/../Frameworks",
					"@executable_path/../Frameworks",
				);
				MACOSX_DEPLOYMENT_TARGET = 14.0;
				PRODUCT_BUNDLE_IDENTIFIER = "com.barbalet.guderian.ui-tests";
				PRODUCT_NAME = GuderianUITests;
				SWIFT_VERSION = 6.0;
			};
			name = Debug;
		};
		A20000000000000000000085 /* Release */ = {
			isa = XCBuildConfiguration;
			buildSettings = {
				CODE_SIGN_STYLE = Automatic;
				CURRENT_PROJECT_VERSION = 1;
				GENERATE_INFOPLIST_FILE = YES;
				LD_RUNPATH_SEARCH_PATHS = (
					"$(inherited)",
					"@loader_path/../Frameworks",
					"@executable_path/../Frameworks",
				);
				MACOSX_DEPLOYMENT_TARGET = 14.0;
				PRODUCT_BUNDLE_IDENTIFIER = "com.barbalet.guderian.ui-tests";
				PRODUCT_NAME = GuderianUITests;
				SWIFT_VERSION = 6.0;
			};
			name = Release;
		};
		A30000000000000000000084 /* Debug */ = {
			isa = XCBuildConfiguration;
			buildSettings = {
				ASSETCATALOG_COMPILER_APPICON_NAME = AppIcon;
				CODE_SIGN_STYLE = Automatic;
				COMBINE_HIDPI_IMAGES = YES;
				CURRENT_PROJECT_VERSION = 1;
				ENABLE_HARDENED_RUNTIME = YES;
				GENERATE_INFOPLIST_FILE = YES;
				INFOPLIST_KEY_CFBundleDisplayName = GuderianTest;
				INFOPLIST_KEY_LSApplicationCategoryType = "public.app-category.developer-tools";
				INFOPLIST_KEY_NSHumanReadableCopyright = "Public domain portrait source documented in Resources/AppIconSource.";
				LD_RUNPATH_SEARCH_PATHS = (
					"$(inherited)",
					"@executable_path/../Frameworks",
				);
				MARKETING_VERSION = 1.0.0;
				PRODUCT_BUNDLE_IDENTIFIER = "com.barbalet.guderian-test";
				PRODUCT_NAME = GuderianTest;
				SWIFT_VERSION = 6.0;
			};
			name = Debug;
		};
		A30000000000000000000085 /* Release */ = {
			isa = XCBuildConfiguration;
			buildSettings = {
				ASSETCATALOG_COMPILER_APPICON_NAME = AppIcon;
				CODE_SIGN_STYLE = Automatic;
				COMBINE_HIDPI_IMAGES = YES;
				CURRENT_PROJECT_VERSION = 1;
				ENABLE_HARDENED_RUNTIME = YES;
				GENERATE_INFOPLIST_FILE = YES;
				INFOPLIST_KEY_CFBundleDisplayName = GuderianTest;
				INFOPLIST_KEY_LSApplicationCategoryType = "public.app-category.developer-tools";
				INFOPLIST_KEY_NSHumanReadableCopyright = "Public domain portrait source documented in Resources/AppIconSource.";
				LD_RUNPATH_SEARCH_PATHS = (
					"$(inherited)",
					"@executable_path/../Frameworks",
				);
				MARKETING_VERSION = 1.0.0;
				PRODUCT_BUNDLE_IDENTIFIER = "com.barbalet.guderian-test";
				PRODUCT_NAME = GuderianTest;
				SWIFT_VERSION = 6.0;
			};
			name = Release;
		};
/* End XCBuildConfiguration section */

/* Begin XCConfigurationList section */
		A10000000000000000000080 /* Build configuration list for PBXProject "Guderian" */ = {
			isa = XCConfigurationList;
			buildConfigurations = (
				A10000000000000000000082 /* Debug */,
				A10000000000000000000083 /* Release */,
			);
			defaultConfigurationIsVisible = 0;
			defaultConfigurationName = Release;
		};
		A10000000000000000000081 /* Build configuration list for PBXNativeTarget "Guderian" */ = {
			isa = XCConfigurationList;
			buildConfigurations = (
				A10000000000000000000084 /* Debug */,
				A10000000000000000000085 /* Release */,
			);
			defaultConfigurationIsVisible = 0;
			defaultConfigurationName = Release;
		};
		A20000000000000000000081 /* Build configuration list for PBXNativeTarget "GuderianUITests" */ = {
			isa = XCConfigurationList;
			buildConfigurations = (
				A20000000000000000000084 /* Debug */,
				A20000000000000000000085 /* Release */,
			);
			defaultConfigurationIsVisible = 0;
			defaultConfigurationName = Release;
		};
		A30000000000000000000081 /* Build configuration list for PBXNativeTarget "GuderianTest" */ = {
			isa = XCConfigurationList;
			buildConfigurations = (
				A30000000000000000000084 /* Debug */,
				A30000000000000000000085 /* Release */,
			);
			defaultConfigurationIsVisible = 0;
			defaultConfigurationName = Release;
		};
/* End XCConfigurationList section */

/* Begin XCLocalSwiftPackageReference section */
		A10000000000000000000070 /* XCLocalSwiftPackageReference "." */ = {
			isa = XCLocalSwiftPackageReference;
			relativePath = .;
		};
/* End XCLocalSwiftPackageReference section */

/* Begin XCSwiftPackageProductDependency section */
		A10000000000000000000071 /* GuderianCore */ = {
			isa = XCSwiftPackageProductDependency;
			package = A10000000000000000000070 /* XCLocalSwiftPackageReference "." */;
			productName = GuderianCore;
		};
/* End XCSwiftPackageProductDependency section */
	};
	rootObject = A10000000000000000000002 /* Project object */;
}
